PODS:
  - AirgappedSigning (0.4.0):
    - Bitcoin
    - WolfCore
  - Bitcoin (0.7.0):
    - CBitcoin
    - WolfCore
  - CBitcoin (0.5.1)
  - ExtensibleEnumeratedName (2.0)
  - WolfConcurrency (3.0.2):
    - WolfFoundation
    - WolfNumerics
  - WolfCore (4.0.8):
    - ExtensibleEnumeratedName
    - WolfConcurrency
    - WolfFoundation
    - WolfNesting
    - WolfNumerics
    - WolfOSBridge
    - WolfPipe
    - WolfStrings
    - WolfWith
  - WolfFoundation (4.0.0):
    - WolfNumerics
    - WolfPipe
  - WolfNesting (2.0.1)
  - WolfNumerics (4.0)
  - WolfOSBridge (2.0.0)
  - WolfPipe (2.0.0)
  - WolfStrings (2.0.0):
    - ExtensibleEnumeratedName
    - WolfNumerics
    - WolfOSBridge
    - WolfPipe
    - WolfWith
  - WolfWith (2.0.1)

DEPENDENCIES:
  - AirgappedSigning (from `../`)

SPEC REPOS:
  https://github.com/cocoapods/specs.git:
    - Bitcoin
    - CBitcoin
    - ExtensibleEnumeratedName
    - WolfConcurrency
    - WolfCore
    - WolfFoundation
    - WolfNesting
    - WolfNumerics
    - WolfOSBridge
    - WolfPipe
    - WolfStrings
    - WolfWith

EXTERNAL SOURCES:
  AirgappedSigning:
    :path: "../"

SPEC CHECKSUMS:
  AirgappedSigning: b08ea9d312fd74925299bb26713e88da0e6b5c07
  Bitcoin: d0d9403130c1bc2f7650f0d747a1107d443e92fc
  CBitcoin: 3f0f2e4e211aa10573940d8d9c9b0b0123ad24b5
  ExtensibleEnumeratedName: 50f2d256f6d56baecf681f6fbb6362343dcf885b
  WolfConcurrency: 50458b6d801209f89e41d4bb9d57c80c65984770
  WolfCore: aaa510f76683e9f038e878d11356836eb135fd52
  WolfFoundation: f1e84c849c97aa17031a8917db99b82b428dbc03
  WolfNesting: 891247e766da604f0e8124d85a158fe123ceb8d8
  WolfNumerics: 6a57756b668073414da8a6911b86781096aded37
  WolfOSBridge: e9260681790a7c89f725e134c0c1d4172d2d2dc9
  WolfPipe: 18ffb77a188263392893a62630defc2a5b92b4f3
  WolfStrings: edc63c08fbd1149ccbf5eca5020b13465084513b
  WolfWith: 2320a88a03a943df9ff1284c9cca10f86cb73c60

PODFILE CHECKSUM: cdec0639a121f10bcbb4c9ad550349d37a0d14c9

COCOAPODS: 1.7.1
