// !$*UTF8*$!
{
	archiveVersion = 1;
	classes = {
	};
	objectVersion = 52;
	objects = {

/* Begin PBXBuildFile section */
		03217DED235EBA51007803F7 /* Bitcoin.framework in Frameworks */ = {isa = PBXBuildFile; fileRef = 03217DEC235EBA51007803F7 /* Bitcoin.framework */; };
		03217DEE235EBA51007803F7 /* Bitcoin.framework in Embed Frameworks */ = {isa = PBXBuildFile; fileRef = 03217DEC235EBA51007803F7 /* Bitcoin.framework */; settings = {ATTRIBUTES = (CodeSignOnCopy, RemoveHeadersOnCopy, ); }; };
		03217DF1235EBA58007803F7 /* AirgappedSigning.framework in Frameworks */ = {isa = PBXBuildFile; fileRef = 03217DF0235EBA58007803F7 /* AirgappedSigning.framework */; };
		03217DF2235EBA58007803F7 /* AirgappedSigning.framework in Embed Frameworks */ = {isa = PBXBuildFile; fileRef = 03217DF0235EBA58007803F7 /* AirgappedSigning.framework */; settings = {ATTRIBUTES = (CodeSignOnCopy, RemoveHeadersOnCopy, ); }; };
		0378F41223A707530050C2E4 /* WolfStrings in Frameworks */ = {isa = PBXBuildFile; productRef = 0378F41123A707530050C2E4 /* WolfStrings */; };
		0378F41323A707530050C2E4 /* WolfStrings in Embed Frameworks */ = {isa = PBXBuildFile; productRef = 0378F41123A707530050C2E4 /* WolfStrings */; settings = {ATTRIBUTES = (CodeSignOnCopy, ); }; };
		0378F41A23A707AA0050C2E4 /* WolfNumerics in Frameworks */ = {isa = PBXBuildFile; productRef = 0378F41923A707AA0050C2E4 /* WolfNumerics */; };
		0378F41B23A707AA0050C2E4 /* WolfNumerics in Embed Frameworks */ = {isa = PBXBuildFile; productRef = 0378F41923A707AA0050C2E4 /* WolfNumerics */; settings = {ATTRIBUTES = (CodeSignOnCopy, ); }; };
		0378F41E23A707F90050C2E4 /* WolfOSBridge in Frameworks */ = {isa = PBXBuildFile; productRef = 0378F41D23A707F90050C2E4 /* WolfOSBridge */; };
		0378F41F23A707F90050C2E4 /* WolfOSBridge in Embed Frameworks */ = {isa = PBXBuildFile; productRef = 0378F41D23A707F90050C2E4 /* WolfOSBridge */; settings = {ATTRIBUTES = (CodeSignOnCopy, ); }; };
		0378F42223A708150050C2E4 /* WolfWith in Frameworks */ = {isa = PBXBuildFile; productRef = 0378F42123A708150050C2E4 /* WolfWith */; };
		0378F42323A708150050C2E4 /* WolfWith in Embed Frameworks */ = {isa = PBXBuildFile; productRef = 0378F42123A708150050C2E4 /* WolfWith */; settings = {ATTRIBUTES = (CodeSignOnCopy, ); }; };
		0378F42623A708460050C2E4 /* ExtensibleEnumeratedName in Frameworks */ = {isa = PBXBuildFile; productRef = 0378F42523A708460050C2E4 /* ExtensibleEnumeratedName */; };
		0378F42723A708460050C2E4 /* ExtensibleEnumeratedName in Embed Frameworks */ = {isa = PBXBuildFile; productRef = 0378F42523A708460050C2E4 /* ExtensibleEnumeratedName */; settings = {ATTRIBUTES = (CodeSignOnCopy, ); }; };
		0378F42A23A708650050C2E4 /* WolfPipe in Frameworks */ = {isa = PBXBuildFile; productRef = 0378F42923A708650050C2E4 /* WolfPipe */; };
		0378F42B23A708650050C2E4 /* WolfPipe in Embed Frameworks */ = {isa = PBXBuildFile; productRef = 0378F42923A708650050C2E4 /* WolfPipe */; settings = {ATTRIBUTES = (CodeSignOnCopy, ); }; };
		0398AF7A235FA7BB00D2BF49 /* CBitcoin.framework in Frameworks */ = {isa = PBXBuildFile; fileRef = 0398AF79235FA7BB00D2BF49 /* CBitcoin.framework */; };
		0398AF7B235FA7BB00D2BF49 /* CBitcoin.framework in Embed Frameworks */ = {isa = PBXBuildFile; fileRef = 0398AF79235FA7BB00D2BF49 /* CBitcoin.framework */; settings = {ATTRIBUTES = (CodeSignOnCopy, RemoveHeadersOnCopy, ); }; };
		607FACD61AFB9204008FA782 /* AppDelegate.swift in Sources */ = {isa = PBXBuildFile; fileRef = 607FACD51AFB9204008FA782 /* AppDelegate.swift */; };
		607FACD81AFB9204008FA782 /* ViewController.swift in Sources */ = {isa = PBXBuildFile; fileRef = 607FACD71AFB9204008FA782 /* ViewController.swift */; };
		607FACDB1AFB9204008FA782 /* Main.storyboard in Resources */ = {isa = PBXBuildFile; fileRef = 607FACD91AFB9204008FA782 /* Main.storyboard */; };
		607FACDD1AFB9204008FA782 /* Images.xcassets in Resources */ = {isa = PBXBuildFile; fileRef = 607FACDC1AFB9204008FA782 /* Images.xcassets */; };
		607FACE01AFB9204008FA782 /* LaunchScreen.xib in Resources */ = {isa = PBXBuildFile; fileRef = 607FACDE1AFB9204008FA782 /* LaunchScreen.xib */; };
		607FACEC1AFB9204008FA782 /* Tests.swift in Sources */ = {isa = PBXBuildFile; fileRef = 607FACEB1AFB9204008FA782 /* Tests.swift */; };
/* End PBXBuildFile section */

/* Begin PBXContainerItemProxy section */
		607FACE61AFB9204008FA782 /* PBXContainerItemProxy */ = {
			isa = PBXContainerItemProxy;
			containerPortal = 607FACC81AFB9204008FA782 /* Project object */;
			proxyType = 1;
			remoteGlobalIDString = 607FACCF1AFB9204008FA782;
			remoteInfo = AirgappedSigning;
		};
/* End PBXContainerItemProxy section */

/* Begin PBXCopyFilesBuildPhase section */
		03217DEF235EBA52007803F7 /* Embed Frameworks */ = {
			isa = PBXCopyFilesBuildPhase;
			buildActionMask = 2147483647;
			dstPath = "";
			dstSubfolderSpec = 10;
			files = (
				03217DF2235EBA58007803F7 /* AirgappedSigning.framework in Embed Frameworks */,
				0378F41F23A707F90050C2E4 /* WolfOSBridge in Embed Frameworks */,
				0378F41323A707530050C2E4 /* WolfStrings in Embed Frameworks */,
				0378F42B23A708650050C2E4 /* WolfPipe in Embed Frameworks */,
				0378F41B23A707AA0050C2E4 /* WolfNumerics in Embed Frameworks */,
				0398AF7B235FA7BB00D2BF49 /* CBitcoin.framework in Embed Frameworks */,
				03217DEE235EBA51007803F7 /* Bitcoin.framework in Embed Frameworks */,
				0378F42723A708460050C2E4 /* ExtensibleEnumeratedName in Embed Frameworks */,
				0378F42323A708150050C2E4 /* WolfWith in Embed Frameworks */,
			);
			name = "Embed Frameworks";
			runOnlyForDeploymentPostprocessing = 0;
		};
		0378F41623A707700050C2E4 /* Embed Frameworks */ = {
			isa = PBXCopyFilesBuildPhase;
			buildActionMask = 2147483647;
			dstPath = "";
			dstSubfolderSpec = 10;
			files = (
			);
			name = "Embed Frameworks";
			runOnlyForDeploymentPostprocessing = 0;
		};
/* End PBXCopyFilesBuildPhase section */

/* Begin PBXFileReference section */
		03217DEC235EBA51007803F7 /* Bitcoin.framework */ = {isa = PBXFileReference; explicitFileType = wrapper.framework; path = Bitcoin.framework; sourceTree = BUILT_PRODUCTS_DIR; };
		03217DF0235EBA58007803F7 /* AirgappedSigning.framework */ = {isa = PBXFileReference; explicitFileType = wrapper.framework; path = AirgappedSigning.framework; sourceTree = BUILT_PRODUCTS_DIR; };
		0398AF79235FA7BB00D2BF49 /* CBitcoin.framework */ = {isa = PBXFileReference; explicitFileType = wrapper.framework; path = CBitcoin.framework; sourceTree = BUILT_PRODUCTS_DIR; };
		607FACD01AFB9204008FA782 /* SigningDemo.app */ = {isa = PBXFileReference; explicitFileType = wrapper.application; includeInIndex = 0; path = SigningDemo.app; sourceTree = BUILT_PRODUCTS_DIR; };
		607FACD41AFB9204008FA782 /* Info.plist */ = {isa = PBXFileReference; lastKnownFileType = text.plist.xml; path = Info.plist; sourceTree = "<group>"; };
		607FACD51AFB9204008FA782 /* AppDelegate.swift */ = {isa = PBXFileReference; lastKnownFileType = sourcecode.swift; path = AppDelegate.swift; sourceTree = "<group>"; };
		607FACD71AFB9204008FA782 /* ViewController.swift */ = {isa = PBXFileReference; lastKnownFileType = sourcecode.swift; path = ViewController.swift; sourceTree = "<group>"; };
		607FACDA1AFB9204008FA782 /* Base */ = {isa = PBXFileReference; lastKnownFileType = file.storyboard; name = Base; path = Base.lproj/Main.storyboard; sourceTree = "<group>"; };
		607FACDC1AFB9204008FA782 /* Images.xcassets */ = {isa = PBXFileReference; lastKnownFileType = folder.assetcatalog; path = Images.xcassets; sourceTree = "<group>"; };
		607FACDF1AFB9204008FA782 /* Base */ = {isa = PBXFileReference; lastKnownFileType = file.xib; name = Base; path = Base.lproj/LaunchScreen.xib; sourceTree = "<group>"; };
		607FACE51AFB9204008FA782 /* AirgappedSigningDemoTests.xctest */ = {isa = PBXFileReference; explicitFileType = wrapper.cfbundle; includeInIndex = 0; path = AirgappedSigningDemoTests.xctest; sourceTree = BUILT_PRODUCTS_DIR; };
		607FACEA1AFB9204008FA782 /* Info.plist */ = {isa = PBXFileReference; lastKnownFileType = text.plist.xml; path = Info.plist; sourceTree = "<group>"; };
		607FACEB1AFB9204008FA782 /* Tests.swift */ = {isa = PBXFileReference; lastKnownFileType = sourcecode.swift; path = Tests.swift; sourceTree = "<group>"; };
/* End PBXFileReference section */

/* Begin PBXFrameworksBuildPhase section */
		607FACCD1AFB9204008FA782 /* Frameworks */ = {
			isa = PBXFrameworksBuildPhase;
			buildActionMask = 2147483647;
			files = (
				03217DF1235EBA58007803F7 /* AirgappedSigning.framework in Frameworks */,
				0378F41E23A707F90050C2E4 /* WolfOSBridge in Frameworks */,
				0378F41223A707530050C2E4 /* WolfStrings in Frameworks */,
				0378F42A23A708650050C2E4 /* WolfPipe in Frameworks */,
				0378F41A23A707AA0050C2E4 /* WolfNumerics in Frameworks */,
				0398AF7A235FA7BB00D2BF49 /* CBitcoin.framework in Frameworks */,
				03217DED235EBA51007803F7 /* Bitcoin.framework in Frameworks */,
				0378F42623A708460050C2E4 /* ExtensibleEnumeratedName in Frameworks */,
				0378F42223A708150050C2E4 /* WolfWith in Frameworks */,
			);
			runOnlyForDeploymentPostprocessing = 0;
		};
		607FACE21AFB9204008FA782 /* Frameworks */ = {
			isa = PBXFrameworksBuildPhase;
			buildActionMask = 2147483647;
			files = (
			);
			runOnlyForDeploymentPostprocessing = 0;
		};
/* End PBXFrameworksBuildPhase section */

/* Begin PBXGroup section */
		03217DEB235EBA51007803F7 /* Frameworks */ = {
			isa = PBXGroup;
			children = (
				0398AF79235FA7BB00D2BF49 /* CBitcoin.framework */,
				03217DF0235EBA58007803F7 /* AirgappedSigning.framework */,
				03217DEC235EBA51007803F7 /* Bitcoin.framework */,
			);
			name = Frameworks;
			sourceTree = "<group>";
		};
		607FACC71AFB9204008FA782 = {
			isa = PBXGroup;
			children = (
				607FACD21AFB9204008FA782 /* AirgappedSigningDemo */,
				607FACE81AFB9204008FA782 /* Tests */,
				607FACD11AFB9204008FA782 /* Products */,
				03217DEB235EBA51007803F7 /* Frameworks */,
			);
			sourceTree = "<group>";
		};
		607FACD11AFB9204008FA782 /* Products */ = {
			isa = PBXGroup;
			children = (
				607FACD01AFB9204008FA782 /* SigningDemo.app */,
				607FACE51AFB9204008FA782 /* AirgappedSigningDemoTests.xctest */,
			);
			name = Products;
			sourceTree = "<group>";
		};
		607FACD21AFB9204008FA782 /* AirgappedSigningDemo */ = {
			isa = PBXGroup;
			children = (
				607FACD51AFB9204008FA782 /* AppDelegate.swift */,
				607FACD71AFB9204008FA782 /* ViewController.swift */,
				607FACD91AFB9204008FA782 /* Main.storyboard */,
				607FACDC1AFB9204008FA782 /* Images.xcassets */,
				607FACDE1AFB9204008FA782 /* LaunchScreen.xib */,
				607FACD31AFB9204008FA782 /* Supporting Files */,
			);
			name = AirgappedSigningDemo;
			path = Sources/AirgappedSigningDemo;
			sourceTree = "<group>";
		};
		607FACD31AFB9204008FA782 /* Supporting Files */ = {
			isa = PBXGroup;
			children = (
				607FACD41AFB9204008FA782 /* Info.plist */,
			);
			name = "Supporting Files";
			sourceTree = "<group>";
		};
		607FACE81AFB9204008FA782 /* Tests */ = {
			isa = PBXGroup;
			children = (
				607FACEB1AFB9204008FA782 /* Tests.swift */,
				607FACE91AFB9204008FA782 /* Supporting Files */,
			);
			name = Tests;
			path = Tests/AirgappedSigningDemo;
			sourceTree = "<group>";
		};
		607FACE91AFB9204008FA782 /* Supporting Files */ = {
			isa = PBXGroup;
			children = (
				607FACEA1AFB9204008FA782 /* Info.plist */,
			);
			name = "Supporting Files";
			sourceTree = "<group>";
		};
/* End PBXGroup section */

/* Begin PBXNativeTarget section */
		607FACCF1AFB9204008FA782 /* AirgappedSigningDemo */ = {
			isa = PBXNativeTarget;
			buildConfigurationList = 607FACEF1AFB9204008FA782 /* Build configuration list for PBXNativeTarget "AirgappedSigningDemo" */;
			buildPhases = (
				607FACCC1AFB9204008FA782 /* Sources */,
				607FACCD1AFB9204008FA782 /* Frameworks */,
				607FACCE1AFB9204008FA782 /* Resources */,
				03217DEF235EBA52007803F7 /* Embed Frameworks */,
			);
			buildRules = (
			);
			dependencies = (
			);
			name = AirgappedSigningDemo;
			packageProductDependencies = (
				0378F41123A707530050C2E4 /* WolfStrings */,
				0378F41923A707AA0050C2E4 /* WolfNumerics */,
				0378F41D23A707F90050C2E4 /* WolfOSBridge */,
				0378F42123A708150050C2E4 /* WolfWith */,
				0378F42523A708460050C2E4 /* ExtensibleEnumeratedName */,
				0378F42923A708650050C2E4 /* WolfPipe */,
			);
			productName = AirgappedSigning;
			productReference = 607FACD01AFB9204008FA782 /* SigningDemo.app */;
			productType = "com.apple.product-type.application";
		};
		607FACE41AFB9204008FA782 /* AirgappedSigningDemoTests */ = {
			isa = PBXNativeTarget;
			buildConfigurationList = 607FACF21AFB9204008FA782 /* Build configuration list for PBXNativeTarget "AirgappedSigningDemoTests" */;
			buildPhases = (
				607FACE11AFB9204008FA782 /* Sources */,
				607FACE21AFB9204008FA782 /* Frameworks */,
				607FACE31AFB9204008FA782 /* Resources */,
				0378F41623A707700050C2E4 /* Embed Frameworks */,
			);
			buildRules = (
			);
			dependencies = (
				607FACE71AFB9204008FA782 /* PBXTargetDependency */,
			);
			name = AirgappedSigningDemoTests;
			packageProductDependencies = (
			);
			productName = Tests;
			productReference = 607FACE51AFB9204008FA782 /* AirgappedSigningDemoTests.xctest */;
			productType = "com.apple.product-type.bundle.unit-test";
		};
/* End PBXNativeTarget section */

/* Begin PBXProject section */
		607FACC81AFB9204008FA782 /* Project object */ = {
			isa = PBXProject;
			attributes = {
				LastSwiftUpdateCheck = 0830;
				LastUpgradeCheck = 1020;
				ORGANIZATIONNAME = WolfMcNally.com;
				TargetAttributes = {
					607FACCF1AFB9204008FA782 = {
						CreatedOnToolsVersion = 6.3.1;
						DevelopmentTeam = 92TUA8H52D;
						LastSwiftMigration = 0900;
					};
					607FACE41AFB9204008FA782 = {
						CreatedOnToolsVersion = 6.3.1;
						LastSwiftMigration = 0900;
						TestTargetID = 607FACCF1AFB9204008FA782;
					};
				};
			};
			buildConfigurationList = 607FACCB1AFB9204008FA782 /* Build configuration list for PBXProject "AirgappedSigningDemo" */;
			compatibilityVersion = "Xcode 3.2";
			developmentRegion = en;
			hasScannedForEncodings = 0;
			knownRegions = (
				en,
				Base,
			);
			mainGroup = 607FACC71AFB9204008FA782;
			packageReferences = (
				0378F41023A707530050C2E4 /* XCRemoteSwiftPackageReference "WolfStrings" */,
				0378F41823A707AA0050C2E4 /* XCRemoteSwiftPackageReference "WolfNumerics" */,
				0378F41C23A707F90050C2E4 /* XCRemoteSwiftPackageReference "WolfOSBridge" */,
				0378F42023A708150050C2E4 /* XCRemoteSwiftPackageReference "WolfWith" */,
				0378F42423A708460050C2E4 /* XCRemoteSwiftPackageReference "ExtensibleEnumeratedName" */,
				0378F42823A708650050C2E4 /* XCRemoteSwiftPackageReference "WolfPipe" */,
			);
			productRefGroup = 607FACD11AFB9204008FA782 /* Products */;
			projectDirPath = "";
			projectRoot = "";
			targets = (
				607FACCF1AFB9204008FA782 /* AirgappedSigningDemo */,
				607FACE41AFB9204008FA782 /* AirgappedSigningDemoTests */,
			);
		};
/* End PBXProject section */

/* Begin PBXResourcesBuildPhase section */
		607FACCE1AFB9204008FA782 /* Resources */ = {
			isa = PBXResourcesBuildPhase;
			buildActionMask = 2147483647;
			files = (
				607FACDB1AFB9204008FA782 /* Main.storyboard in Resources */,
				607FACE01AFB9204008FA782 /* LaunchScreen.xib in Resources */,
				607FACDD1AFB9204008FA782 /* Images.xcassets in Resources */,
			);
			runOnlyForDeploymentPostprocessing = 0;
		};
		607FACE31AFB9204008FA782 /* Resources */ = {
			isa = PBXResourcesBuildPhase;
			buildActionMask = 2147483647;
			files = (
			);
			runOnlyForDeploymentPostprocessing = 0;
		};
/* End PBXResourcesBuildPhase section */

/* Begin PBXSourcesBuildPhase section */
		607FACCC1AFB9204008FA782 /* Sources */ = {
			isa = PBXSourcesBuildPhase;
			buildActionMask = 2147483647;
			files = (
				607FACD81AFB9204008FA782 /* ViewController.swift in Sources */,
				607FACD61AFB9204008FA782 /* AppDelegate.swift in Sources */,
			);
			runOnlyForDeploymentPostprocessing = 0;
		};
		607FACE11AFB9204008FA782 /* Sources */ = {
			isa = PBXSourcesBuildPhase;
			buildActionMask = 2147483647;
			files = (
				607FACEC1AFB9204008FA782 /* Tests.swift in Sources */,
			);
			runOnlyForDeploymentPostprocessing = 0;
		};
/* End PBXSourcesBuildPhase section */

/* Begin PBXTargetDependency section */
		607FACE71AFB9204008FA782 /* PBXTargetDependency */ = {
			isa = PBXTargetDependency;
			target = 607FACCF1AFB9204008FA782 /* AirgappedSigningDemo */;
			targetProxy = 607FACE61AFB9204008FA782 /* PBXContainerItemProxy */;
		};
/* End PBXTargetDependency section */

/* Begin PBXVariantGroup section */
		607FACD91AFB9204008FA782 /* Main.storyboard */ = {
			isa = PBXVariantGroup;
			children = (
				607FACDA1AFB9204008FA782 /* Base */,
			);
			name = Main.storyboard;
			sourceTree = "<group>";
		};
		607FACDE1AFB9204008FA782 /* LaunchScreen.xib */ = {
			isa = PBXVariantGroup;
			children = (
				607FACDF1AFB9204008FA782 /* Base */,
			);
			name = LaunchScreen.xib;
			sourceTree = "<group>";
		};
/* End PBXVariantGroup section */

/* Begin XCBuildConfiguration section */
		607FACED1AFB9204008FA782 /* Debug */ = {
			isa = XCBuildConfiguration;
			buildSettings = {
				ALWAYS_SEARCH_USER_PATHS = NO;
				CLANG_ANALYZER_LOCALIZABILITY_NONLOCALIZED = YES;
				CLANG_CXX_LANGUAGE_STANDARD = "gnu++0x";
				CLANG_CXX_LIBRARY = "libc++";
				CLANG_ENABLE_MODULES = YES;
				CLANG_ENABLE_OBJC_ARC = YES;
				CLANG_WARN_BLOCK_CAPTURE_AUTORELEASING = YES;
				CLANG_WARN_BOOL_CONVERSION = YES;
				CLANG_WARN_COMMA = YES;
				CLANG_WARN_CONSTANT_CONVERSION = YES;
				CLANG_WARN_DEPRECATED_OBJC_IMPLEMENTATIONS = YES;
				CLANG_WARN_DIRECT_OBJC_ISA_USAGE = YES_ERROR;
				CLANG_WARN_EMPTY_BODY = YES;
				CLANG_WARN_ENUM_CONVERSION = YES;
				CLANG_WARN_INFINITE_RECURSION = YES;
				CLANG_WARN_INT_CONVERSION = YES;
				CLANG_WARN_NON_LITERAL_NULL_CONVERSION = YES;
				CLANG_WARN_OBJC_IMPLICIT_RETAIN_SELF = YES;
				CLANG_WARN_OBJC_LITERAL_CONVERSION = YES;
				CLANG_WARN_OBJC_ROOT_CLASS = YES_ERROR;
				CLANG_WARN_RANGE_LOOP_ANALYSIS = YES;
				CLANG_WARN_STRICT_PROTOTYPES = YES;
				CLANG_WARN_SUSPICIOUS_MOVE = YES;
				CLANG_WARN_UNREACHABLE_CODE = YES;
				CLANG_WARN__DUPLICATE_METHOD_MATCH = YES;
				"CODE_SIGN_IDENTITY[sdk=iphoneos*]" = "iPhone Developer";
				COPY_PHASE_STRIP = NO;
				DEBUG_INFORMATION_FORMAT = "dwarf-with-dsym";
				ENABLE_STRICT_OBJC_MSGSEND = YES;
				ENABLE_TESTABILITY = YES;
				GCC_C_LANGUAGE_STANDARD = gnu99;
				GCC_DYNAMIC_NO_PIC = NO;
				GCC_NO_COMMON_BLOCKS = YES;
				GCC_OPTIMIZATION_LEVEL = 0;
				GCC_PREPROCESSOR_DEFINITIONS = (
					"DEBUG=1",
					"$(inherited)",
				);
				GCC_SYMBOLS_PRIVATE_EXTERN = NO;
				GCC_WARN_64_TO_32_BIT_CONVERSION = YES;
				GCC_WARN_ABOUT_RETURN_TYPE = YES_ERROR;
				GCC_WARN_UNDECLARED_SELECTOR = YES;
				GCC_WARN_UNINITIALIZED_AUTOS = YES_AGGRESSIVE;
				GCC_WARN_UNUSED_FUNCTION = YES;
				GCC_WARN_UNUSED_VARIABLE = YES;
				IPHONEOS_DEPLOYMENT_TARGET = 12.0;
				MTL_ENABLE_DEBUG_INFO = YES;
				ONLY_ACTIVE_ARCH = YES;
				SDKROOT = iphoneos;
				SWIFT_OPTIMIZATION_LEVEL = "-Onone";
			};
			name = Debug;
		};
		607FACEE1AFB9204008FA782 /* Release */ = {
			isa = XCBuildConfiguration;
			buildSettings = {
				ALWAYS_SEARCH_USER_PATHS = NO;
				CLANG_ANALYZER_LOCALIZABILITY_NONLOCALIZED = YES;
				CLANG_CXX_LANGUAGE_STANDARD = "gnu++0x";
				CLANG_CXX_LIBRARY = "libc++";
				CLANG_ENABLE_MODULES = YES;
				CLANG_ENABLE_OBJC_ARC = YES;
				CLANG_WARN_BLOCK_CAPTURE_AUTORELEASING = YES;
				CLANG_WARN_BOOL_CONVERSION = YES;
				CLANG_WARN_COMMA = YES;
				CLANG_WARN_CONSTANT_CONVERSION = YES;
				CLANG_WARN_DEPRECATED_OBJC_IMPLEMENTATIONS = YES;
				CLANG_WARN_DIRECT_OBJC_ISA_USAGE = YES_ERROR;
				CLANG_WARN_EMPTY_BODY = YES;
				CLANG_WARN_ENUM_CONVERSION = YES;
				CLANG_WARN_INFINITE_RECURSION = YES;
				CLANG_WARN_INT_CONVERSION = YES;
				CLANG_WARN_NON_LITERAL_NULL_CONVERSION = YES;
				CLANG_WARN_OBJC_IMPLICIT_RETAIN_SELF = YES;
				CLANG_WARN_OBJC_LITERAL_CONVERSION = YES;
				CLANG_WARN_OBJC_ROOT_CLASS = YES_ERROR;
				CLANG_WARN_RANGE_LOOP_ANALYSIS = YES;
				CLANG_WARN_STRICT_PROTOTYPES = YES;
				CLANG_WARN_SUSPICIOUS_MOVE = YES;
				CLANG_WARN_UNREACHABLE_CODE = YES;
				CLANG_WARN__DUPLICATE_METHOD_MATCH = YES;
				"CODE_SIGN_IDENTITY[sdk=iphoneos*]" = "iPhone Developer";
				COPY_PHASE_STRIP = NO;
				DEBUG_INFORMATION_FORMAT = "dwarf-with-dsym";
				ENABLE_NS_ASSERTIONS = NO;
				ENABLE_STRICT_OBJC_MSGSEND = YES;
				GCC_C_LANGUAGE_STANDARD = gnu99;
				GCC_NO_COMMON_BLOCKS = YES;
				GCC_WARN_64_TO_32_BIT_CONVERSION = YES;
				GCC_WARN_ABOUT_RETURN_TYPE = YES_ERROR;
				GCC_WARN_UNDECLARED_SELECTOR = YES;
				GCC_WARN_UNINITIALIZED_AUTOS = YES_AGGRESSIVE;
				GCC_WARN_UNUSED_FUNCTION = YES;
				GCC_WARN_UNUSED_VARIABLE = YES;
				IPHONEOS_DEPLOYMENT_TARGET = 12.0;
				MTL_ENABLE_DEBUG_INFO = NO;
				SDKROOT = iphoneos;
				SWIFT_COMPILATION_MODE = wholemodule;
				SWIFT_OPTIMIZATION_LEVEL = "-O";
				VALIDATE_PRODUCT = YES;
			};
			name = Release;
		};
		607FACF01AFB9204008FA782 /* Debug */ = {
			isa = XCBuildConfiguration;
			buildSettings = {
				ASSETCATALOG_COMPILER_APPICON_NAME = AppIcon;
				DEVELOPMENT_TEAM = 92TUA8H52D;
				INFOPLIST_FILE = "$(SRCROOT)/Sources/AirgappedSigningDemo/Info.plist";
				LD_RUNPATH_SEARCH_PATHS = (
					"$(inherited)",
					"@executable_path/Frameworks",
				);
				MODULE_NAME = ExampleApp;
				PRODUCT_BUNDLE_IDENTIFIER = blockchaincommons.AirgappedSigningDemo;
				PRODUCT_NAME = SigningDemo;
				SWIFT_SWIFT3_OBJC_INFERENCE = Default;
				SWIFT_VERSION = 5.0;
				TARGETED_DEVICE_FAMILY = "1,2";
			};
			name = Debug;
		};
		607FACF11AFB9204008FA782 /* Release */ = {
			isa = XCBuildConfiguration;
			buildSettings = {
				ASSETCATALOG_COMPILER_APPICON_NAME = AppIcon;
				DEVELOPMENT_TEAM = 92TUA8H52D;
				INFOPLIST_FILE = "$(SRCROOT)/Sources/AirgappedSigningDemo/Info.plist";
				LD_RUNPATH_SEARCH_PATHS = (
					"$(inherited)",
					"@executable_path/Frameworks",
				);
				MODULE_NAME = ExampleApp;
				PRODUCT_BUNDLE_IDENTIFIER = blockchaincommons.AirgappedSigningDemo;
				PRODUCT_NAME = SigningDemo;
				SWIFT_SWIFT3_OBJC_INFERENCE = Default;
				SWIFT_VERSION = 5.0;
				TARGETED_DEVICE_FAMILY = "1,2";
			};
			name = Release;
		};
		607FACF31AFB9204008FA782 /* Debug */ = {
			isa = XCBuildConfiguration;
			buildSettings = {
				GCC_PREPROCESSOR_DEFINITIONS = (
					"DEBUG=1",
					"$(inherited)",
				);
				INFOPLIST_FILE = Tests/AirgappedSigningDemo/Info.plist;
				LD_RUNPATH_SEARCH_PATHS = (
					"$(inherited)",
					"@executable_path/Frameworks",
					"@loader_path/Frameworks",
				);
				PRODUCT_BUNDLE_IDENTIFIER = "org.cocoapods.$(PRODUCT_NAME:rfc1034identifier)";
				PRODUCT_NAME = "$(TARGET_NAME)";
				SWIFT_SWIFT3_OBJC_INFERENCE = Default;
				SWIFT_VERSION = 5.0;
				TEST_HOST = "$(BUILT_PRODUCTS_DIR)/SigningDemo.app/SigningDemo";
			};
			name = Debug;
		};
		607FACF41AFB9204008FA782 /* Release */ = {
			isa = XCBuildConfiguration;
			buildSettings = {
				INFOPLIST_FILE = Tests/AirgappedSigningDemo/Info.plist;
				LD_RUNPATH_SEARCH_PATHS = (
					"$(inherited)",
					"@executable_path/Frameworks",
					"@loader_path/Frameworks",
				);
				PRODUCT_BUNDLE_IDENTIFIER = "org.cocoapods.$(PRODUCT_NAME:rfc1034identifier)";
				PRODUCT_NAME = "$(TARGET_NAME)";
				SWIFT_SWIFT3_OBJC_INFERENCE = Default;
				SWIFT_VERSION = 5.0;
				TEST_HOST = "$(BUILT_PRODUCTS_DIR)/SigningDemo.app/SigningDemo";
			};
			name = Release;
		};
/* End XCBuildConfiguration section */

/* Begin XCConfigurationList section */
		607FACCB1AFB9204008FA782 /* Build configuration list for PBXProject "AirgappedSigningDemo" */ = {
			isa = XCConfigurationList;
			buildConfigurations = (
				607FACED1AFB9204008FA782 /* Debug */,
				607FACEE1AFB9204008FA782 /* Release */,
			);
			defaultConfigurationIsVisible = 0;
			defaultConfigurationName = Release;
		};
		607FACEF1AFB9204008FA782 /* Build configuration list for PBXNativeTarget "AirgappedSigningDemo" */ = {
			isa = XCConfigurationList;
			buildConfigurations = (
				607FACF01AFB9204008FA782 /* Debug */,
				607FACF11AFB9204008FA782 /* Release */,
			);
			defaultConfigurationIsVisible = 0;
			defaultConfigurationName = Release;
		};
		607FACF21AFB9204008FA782 /* Build configuration list for PBXNativeTarget "AirgappedSigningDemoTests" */ = {
			isa = XCConfigurationList;
			buildConfigurations = (
				607FACF31AFB9204008FA782 /* Debug */,
				607FACF41AFB9204008FA782 /* Release */,
			);
			defaultConfigurationIsVisible = 0;
			defaultConfigurationName = Release;
		};
/* End XCConfigurationList section */

/* Begin XCRemoteSwiftPackageReference section */
		0378F41023A707530050C2E4 /* XCRemoteSwiftPackageReference "WolfStrings" */ = {
			isa = XCRemoteSwiftPackageReference;
			repositoryURL = "https://github.com/wolfmcnally/WolfStrings.git";
			requirement = {
				kind = upToNextMajorVersion;
				minimumVersion = 2.2.1;
			};
		};
		0378F41823A707AA0050C2E4 /* XCRemoteSwiftPackageReference "WolfNumerics" */ = {
			isa = XCRemoteSwiftPackageReference;
			repositoryURL = "https://github.com/wolfmcnally/WolfNumerics.git";
			requirement = {
				kind = upToNextMajorVersion;
				minimumVersion = 4.0.4;
			};
		};
		0378F41C23A707F90050C2E4 /* XCRemoteSwiftPackageReference "WolfOSBridge" */ = {
			isa = XCRemoteSwiftPackageReference;
			repositoryURL = "https://github.com/wolfmcnally/WolfOSBridge.git";
			requirement = {
				kind = upToNextMajorVersion;
				minimumVersion = 2.0.3;
			};
		};
		0378F42023A708150050C2E4 /* XCRemoteSwiftPackageReference "WolfWith" */ = {
			isa = XCRemoteSwiftPackageReference;
			repositoryURL = "https://github.com/wolfmcnally/WolfWith.git";
			requirement = {
				kind = upToNextMajorVersion;
				minimumVersion = 2.0.3;
			};
		};
		0378F42423A708460050C2E4 /* XCRemoteSwiftPackageReference "ExtensibleEnumeratedName" */ = {
			isa = XCRemoteSwiftPackageReference;
			repositoryURL = "https://github.com/wolfmcnally/ExtensibleEnumeratedName.git";
			requirement = {
				kind = upToNextMajorVersion;
				minimumVersion = 2.0.2;
			};
		};
		0378F42823A708650050C2E4 /* XCRemoteSwiftPackageReference "WolfPipe" */ = {
			isa = XCRemoteSwiftPackageReference;
			repositoryURL = "https://github.com/wolfmcnally/WolfPipe.git";
			requirement = {
				kind = upToNextMajorVersion;
				minimumVersion = 2.0.2;
			};
		};
/* End XCRemoteSwiftPackageReference section */

/* Begin XCSwiftPackageProductDependency section */
		0378F41123A707530050C2E4 /* WolfStrings */ = {
			isa = XCSwiftPackageProductDependency;
			package = 0378F41023A707530050C2E4 /* XCRemoteSwiftPackageReference "WolfStrings" */;
			productName = WolfStrings;
		};
		0378F41923A707AA0050C2E4 /* WolfNumerics */ = {
			isa = XCSwiftPackageProductDependency;
			package = 0378F41823A707AA0050C2E4 /* XCRemoteSwiftPackageReference "WolfNumerics" */;
			productName = WolfNumerics;
		};
		0378F41D23A707F90050C2E4 /* WolfOSBridge */ = {
			isa = XCSwiftPackageProductDependency;
			package = 0378F41C23A707F90050C2E4 /* XCRemoteSwiftPackageReference "WolfOSBridge" */;
			productName = WolfOSBridge;
		};
		0378F42123A708150050C2E4 /* WolfWith */ = {
			isa = XCSwiftPackageProductDependency;
			package = 0378F42023A708150050C2E4 /* XCRemoteSwiftPackageReference "WolfWith" */;
			productName = WolfWith;
		};
		0378F42523A708460050C2E4 /* ExtensibleEnumeratedName */ = {
			isa = XCSwiftPackageProductDependency;
			package = 0378F42423A708460050C2E4 /* XCRemoteSwiftPackageReference "ExtensibleEnumeratedName" */;
			productName = ExtensibleEnumeratedName;
		};
		0378F42923A708650050C2E4 /* WolfPipe */ = {
			isa = XCSwiftPackageProductDependency;
			package = 0378F42823A708650050C2E4 /* XCRemoteSwiftPackageReference "WolfPipe" */;
			productName = WolfPipe;
		};
/* End XCSwiftPackageProductDependency section */
	};
	rootObject = 607FACC81AFB9204008FA782 /* Project object */;
}
