{
  "object": {
    "pins": [
      {
        "package": "ExtensibleEnumeratedName",
        "repositoryURL": "https://github.com/wolfmcnally/ExtensibleEnumeratedName.git",
        "state": {
          "branch": null,
          "revision": "76394ea0652f809d19c7edc22614e2e638f82394",
          "version": "2.0.2"
        }
      },
      {
        "package": "WolfFoundation",
        "repositoryURL": "https://github.com/wolfmcnally/WolfFoundation.git",
        "state": {
          "branch": null,
          "revision": "8370e79858c238b584600374bd13484414796c72",
          "version": "5.0.1"
        }
      },
      {
        "package": "WolfNumerics",
        "repositoryURL": "https://github.com/wolfmcnally/WolfNumerics.git",
        "state": {
          "branch": null,
          "revision": "40ecf0a68c642dcbe3db4eb8e2c5785da551175e",
          "version": "4.0.4"
        }
      },
      {
        "package": "WolfOSBridge",
        "repositoryURL": "https://github.com/wolfmcnally/WolfOSBridge.git",
        "state": {
          "branch": null,
          "revision": "b51f5fd34352ff8e4594301d9c0479a9e2e99ce4",
          "version": "2.0.3"
        }
      },
      {
        "package": "WolfPipe",
        "repositoryURL": "https://github.com/wolfmcnally/WolfPipe.git",
        "state": {
          "branch": null,
          "revision": "c3431ea757cd45972805eddd5fbcb762e465b894",
          "version": "2.0.2"
        }
      },
      {
        "package": "WolfStrings",
        "repositoryURL": "https://github.com/wolfmcnally/WolfStrings.git",
        "state": {
          "branch": null,
          "revision": "3f1831535ce6261d682ca1ae0d4b2f73bf38df44",
          "version": "2.2.1"
        }
      },
      {
        "package": "WolfWith",
        "repositoryURL": "https://github.com/wolfmcnally/WolfWith.git",
        "state": {
          "branch": null,
          "revision": "d5aa204302d8250f533221a6bc4c5a4250f9d491",
          "version": "2.0.3"
        }
      }
    ]
  },
  "version": 1
}
